{
  "requires": true,
  "lockfileVersion": 1,
  "dependencies": {
    "angular-draggable-droppable": {
      "version": "4.2.0",
      "resolved": "https://registry.npmjs.org/angular-draggable-droppable/-/angular-draggable-droppable-4.2.0.tgz",
      "integrity": "sha512-Kod9Lxj8JonnxdI0MlVyy2vb+1RirR1EOaTF2I0OPSus51OE7mMjUMql9SwYEhq3PIJdnpTHiT+/KbqklTtZVw==",
      "requires": {
        "tslib": "^1.9.0"
      }
    },
    "angular-resizable-element": {
      "version": "3.2.4",
      "resolved": "https://registry.npmjs.org/angular-resizable-element/-/angular-resizable-element-3.2.4.tgz",
      "integrity": "sha512-Qd/WRTaJgmDJoeWzmK0F52I3X0nLtFPirmsVC2ceic4EQ/3X2yYFCOWgCtH+PvMZct6Whoky3OQLqCpFXQsKHQ==",
      "requires": {
        "tslib": "^1.9.0"
      }
    },
    "calendar-utils": {
      "version": "0.3.0",
      "resolved": "https://registry.npmjs.org/calendar-utils/-/calendar-utils-0.3.0.tgz",
      "integrity": "sha512-TXXiGhQLayvV6BtpmrxbcbI0l6/pvmHIIpXWb0/oGBWvL3NZ17X5wp3vSeZbQrfLe+p8FumMfQvwz+LFt6GGgQ=="
    },
    "positioning": {
      "version": "1.4.0",
      "resolved": "https://registry.npmjs.org/positioning/-/positioning-1.4.0.tgz",
      "integrity": "sha512-LbN+mgAXtcDdN46xMJ3yZwjndqqYJODaO5qKmU+MVMu5tL3K2dlm1Qha/zh1k2JAFym5HDaZpnPfO4gr91VTRw=="
    },
    "tslib": {
      "version": "1.9.3",
      "resolved": "https://registry.npmjs.org/tslib/-/tslib-1.9.3.tgz",
      "integrity": "sha512-4krF8scpejhaOgqzBEcGM7yDIEfi0/8+8zDRZhNZZ2kjmHJ4hv3zCbQWxoJGz1iw5U0Jl0nma13xzHXcncMavQ=="
    }
  }
}
